
Microsoft Visual Studio Solution File, Format Version 12.00
# Visual Studio Version 17
VisualStudioVersion = 17.0.31611.283
MinimumVisualStudioVersion = 10.0.40219.1
Project("{9A19103F-16F7-4668-BE54-9A1E7A4F7556}") = "MauiAppCenterSample", "MauiAppCenterSample\MauiAppCenterSample.csproj", "{CCE071DC-E0F4-4953-90D8-E76B7125A90A}"
EndProject
Global
	GlobalSection(SolutionConfigurationPlatforms) = preSolution
		Debug|Any CPU = Debug|Any CPU
		Release|Any CPU = Release|Any CPU
	EndGlobalSection
	GlobalSection(ProjectConfigurationPlatforms) = postSolution
		{CCE071DC-E0F4-4953-90D8-E76B7125A90A}.Debug|Any CPU.ActiveCfg = Debug|Any CPU
		{CCE071DC-E0F4-4953-90D8-E76B7125A90A}.Debug|Any CPU.Build.0 = Debug|Any CPU
		{CCE071DC-E0F4-4953-90D8-E76B7125A90A}.Debug|Any CPU.Deploy.0 = Debug|Any CPU
		{CCE071DC-E0F4-4953-90D8-E76B7125A90A}.Release|Any CPU.ActiveCfg = Release|Any CPU
		{CCE071DC-E0F4-4953-90D8-E76B7125A90A}.Release|Any CPU.Build.0 = Release|Any CPU
		{CCE071DC-E0F4-4953-90D8-E76B7125A90A}.Release|Any CPU.Deploy.0 = Release|Any CPU
	EndGlobalSection
	GlobalSection(SolutionProperties) = preSolution
		HideSolutionNode = FALSE
	EndGlobalSection
	GlobalSection(ExtensibilityGlobals) = postSolution
		SolutionGuid = {61F7FB11-1E47-470C-91E2-47F8143E1572}
	EndGlobalSection
EndGlobal
